// !$*UTF8*$!
{
	archiveVersion = 1;
	classes = {
	};
	objectVersion = 46;
	objects = {

/* Begin PBXBuildFile section */
		2F1C7E0821F1A7240041D287 /* SettingViewController.m in Sources */ = {isa = PBXBuildFile; fileRef = 2F1C7E0621F1A7240041D287 /* SettingViewController.m */; };
		2F1C7E0921F1A7240041D287 /* SettingViewController.xib in Resources */ = {isa = PBXBuildFile; fileRef = 2F1C7E0721F1A7240041D287 /* SettingViewController.xib */; };
		2F1D906C22B73E2B002DCD2A /* TagsAndAliasViewController.m in Sources */ = {isa = PBXBuildFile; fileRef = 2F1D906A22B73E2B002DCD2A /* TagsAndAliasViewController.m */; };
		2F1D906D22B73E2B002DCD2A /* TagsAndAliasViewController.xib in Resources */ = {isa = PBXBuildFile; fileRef = 2F1D906B22B73E2B002DCD2A /* TagsAndAliasViewController.xib */; };
		3C5EDEFD20E9CA8E002D1670 /* linkitem@3x.png in Resources */ = {isa = PBXBuildFile; fileRef = 3C5EDEFB20E9CA8E002D1670 /* linkitem@3x.png */; };
		3C5EDEFE20E9CA8E002D1670 /* linkitem@2x.png in Resources */ = {isa = PBXBuildFile; fileRef = 3C5EDEFC20E9CA8E002D1670 /* linkitem@2x.png */; };
		3C5EDF0220E9CE30002D1670 /* RestoreViewController.m in Sources */ = {isa = PBXBuildFile; fileRef = 3C5EDF0020E9CE30002D1670 /* RestoreViewController.m */; };
		3C5EDF0320E9CE30002D1670 /* RestoreViewController.xib in Resources */ = {isa = PBXBuildFile; fileRef = 3C5EDF0120E9CE30002D1670 /* RestoreViewController.xib */; };
		3C5EDF0A20E9D3B3002D1670 /* select@3x.png in Resources */ = {isa = PBXBuildFile; fileRef = 3C5EDF0820E9D3B3002D1670 /* select@3x.png */; };
		3C5EDF0B20E9D3B3002D1670 /* select@2x.png in Resources */ = {isa = PBXBuildFile; fileRef = 3C5EDF0920E9D3B3002D1670 /* select@2x.png */; };
		3C5F76C8212FF83300C2F035 /* MobPushServiceExtension.framework in Frameworks */ = {isa = PBXBuildFile; fileRef = 3CBF72EF212D4FA0009DC3C3 /* MobPushServiceExtension.framework */; };
		3C745E5E20BF943D00E7CE5E /* MOBFoundationEx.framework in Frameworks */ = {isa = PBXBuildFile; fileRef = 3C745E5B20BF943D00E7CE5E /* MOBFoundationEx.framework */; };
		3C745E5F20BF943D00E7CE5E /* MOBFoundation.framework in Frameworks */ = {isa = PBXBuildFile; fileRef = 3C745E5C20BF943D00E7CE5E /* MOBFoundation.framework */; };
		3C745EA920BF9D1F00E7CE5E /* MobPush.framework in Frameworks */ = {isa = PBXBuildFile; fileRef = 3C745EA820BF9D1F00E7CE5E /* MobPush.framework */; };
		3CBF72F0212D4FA0009DC3C3 /* MobPushServiceExtension.framework in Frameworks */ = {isa = PBXBuildFile; fileRef = 3CBF72EF212D4FA0009DC3C3 /* MobPushServiceExtension.framework */; };
		3CD9A21D212D15580032AFF6 /* NotificationService.m in Sources */ = {isa = PBXBuildFile; fileRef = 3CD9A21C212D15580032AFF6 /* NotificationService.m */; };
		3CD9A221212D15580032AFF6 /* MobPushServiceExtension.appex in Embed App Extensions */ = {isa = PBXBuildFile; fileRef = 3CD9A219212D15580032AFF6 /* MobPushServiceExtension.appex */; settings = {ATTRIBUTES = (RemoveHeadersOnCopy, ); }; };
		3CF9386C214F981B0000AD18 /* libc++.tbd in Frameworks */ = {isa = PBXBuildFile; fileRef = 3CF9386B214F981B0000AD18 /* libc++.tbd */; };
		4441D2B32084B0F1000B879B /* MainItemView.m in Sources */ = {isa = PBXBuildFile; fileRef = 4441D28D2084B0F1000B879B /* MainItemView.m */; };
		4441D2B42084B0F1000B879B /* UITextView+MPushPlaceholder.m in Sources */ = {isa = PBXBuildFile; fileRef = 4441D28F2084B0F1000B879B /* UITextView+MPushPlaceholder.m */; };
		4441D2B52084B0F1000B879B /* PushViewController.m in Sources */ = {isa = PBXBuildFile; fileRef = 4441D2902084B0F1000B879B /* PushViewController.m */; };
		4441D2B62084B0F1000B879B /* WebViewController.m in Sources */ = {isa = PBXBuildFile; fileRef = 4441D2922084B0F1000B879B /* WebViewController.m */; };
		4441D2B82084B0F1000B879B /* selectRed@3x.png in Resources */ = {isa = PBXBuildFile; fileRef = 4441D2952084B0F1000B879B /* selectRed@3x.png */; };
		4441D2B92084B0F1000B879B /* selectRed@2x.png in Resources */ = {isa = PBXBuildFile; fileRef = 4441D2962084B0F1000B879B /* selectRed@2x.png */; };
		4441D2BB2084B0F1000B879B /* return@2x.png in Resources */ = {isa = PBXBuildFile; fileRef = 4441D2982084B0F1000B879B /* return@2x.png */; };
		4441D2BC2084B0F1000B879B /* local@2x.png in Resources */ = {isa = PBXBuildFile; fileRef = 4441D2992084B0F1000B879B /* local@2x.png */; };
		4441D2BD2084B0F1000B879B /* return@3x.png in Resources */ = {isa = PBXBuildFile; fileRef = 4441D29A2084B0F1000B879B /* return@3x.png */; };
		4441D2BE2084B0F1000B879B /* schedule@2x.png in Resources */ = {isa = PBXBuildFile; fileRef = 4441D29B2084B0F1000B879B /* schedule@2x.png */; };
		4441D2BF2084B0F1000B879B /* remote@2x.png in Resources */ = {isa = PBXBuildFile; fileRef = 4441D29C2084B0F1000B879B /* remote@2x.png */; };
		4441D2C02084B0F1000B879B /* localNotication@2x.png in Resources */ = {isa = PBXBuildFile; fileRef = 4441D29D2084B0F1000B879B /* localNotication@2x.png */; };
		4441D2C42084B0F1000B879B /* pushVC@2x.png in Resources */ = {isa = PBXBuildFile; fileRef = 4441D2A12084B0F1000B879B /* pushVC@2x.png */; };
		4441D2C62084B0F1000B879B /* TimeTableViewCell.m in Sources */ = {isa = PBXBuildFile; fileRef = 4441D2A32084B0F1000B879B /* TimeTableViewCell.m */; };
		4441D2C72084B0F1000B879B /* AlertViewController.m in Sources */ = {isa = PBXBuildFile; fileRef = 4441D2A62084B0F1000B879B /* AlertViewController.m */; };
		4441D2C82084B0F1000B879B /* OpenPageViewController.xib in Resources */ = {isa = PBXBuildFile; fileRef = 4441D2A82084B0F1000B879B /* OpenPageViewController.xib */; };
		4441D2C92084B0F1000B879B /* MBProgressHUD.m in Sources */ = {isa = PBXBuildFile; fileRef = 4441D2AB2084B0F1000B879B /* MBProgressHUD.m */; };
		4441D2CA2084B0F1000B879B /* MBProgressHUD+Extension.m in Sources */ = {isa = PBXBuildFile; fileRef = 4441D2AE2084B0F1000B879B /* MBProgressHUD+Extension.m */; };
		4441D2CB2084B0F1000B879B /* WebViewController.xib in Resources */ = {isa = PBXBuildFile; fileRef = 4441D2AF2084B0F1000B879B /* WebViewController.xib */; };
		4441D2CC2084B0F1000B879B /* OpenPageViewController.m in Sources */ = {isa = PBXBuildFile; fileRef = 4441D2B22084B0F1000B879B /* OpenPageViewController.m */; };
		4441D2CF2084B120000B879B /* MOBNavigationViewController.m in Sources */ = {isa = PBXBuildFile; fileRef = 4441D2CE2084B120000B879B /* MOBNavigationViewController.m */; };
		44543BFE20BFACB200B6B45E /* MobPushDemoTests.m in Sources */ = {isa = PBXBuildFile; fileRef = 44543BFD20BFACB200B6B45E /* MobPushDemoTests.m */; };
		DE1CB8A71FC3D60200F60342 /* ViewController.m in Sources */ = {isa = PBXBuildFile; fileRef = DE1CB8981FC3D60200F60342 /* ViewController.m */; };
		DE2B9A2B1F7B52C60077BE5F /* main.m in Sources */ = {isa = PBXBuildFile; fileRef = DE2B9A2A1F7B52C60077BE5F /* main.m */; };
		DE2B9A2E1F7B52C60077BE5F /* AppDelegate.m in Sources */ = {isa = PBXBuildFile; fileRef = DE2B9A2D1F7B52C60077BE5F /* AppDelegate.m */; };
		DE2B9A341F7B52C60077BE5F /* Main.storyboard in Resources */ = {isa = PBXBuildFile; fileRef = DE2B9A321F7B52C60077BE5F /* Main.storyboard */; };
		DE2B9A361F7B52C60077BE5F /* Assets.xcassets in Resources */ = {isa = PBXBuildFile; fileRef = DE2B9A351F7B52C60077BE5F /* Assets.xcassets */; };
		DE2B9A391F7B52C60077BE5F /* LaunchScreen.storyboard in Resources */ = {isa = PBXBuildFile; fileRef = DE2B9A371F7B52C60077BE5F /* LaunchScreen.storyboard */; };
		DE40B87E1FC3FE110067EF79 /* CoreLocation.framework in Frameworks */ = {isa = PBXBuildFile; fileRef = DE40B87D1FC3FE110067EF79 /* CoreLocation.framework */; };
		DE5591D31FFF64CC00FCCBBA /* unbelievable.caf in Resources */ = {isa = PBXBuildFile; fileRef = DE5591D21FFF64CC00FCCBBA /* unbelievable.caf */; };
/* End PBXBuildFile section */

/* Begin PBXContainerItemProxy section */
		3CD9A21F212D15580032AFF6 /* PBXContainerItemProxy */ = {
			isa = PBXContainerItemProxy;
			containerPortal = DE2B9A1E1F7B52C50077BE5F /* Project object */;
			proxyType = 1;
			remoteGlobalIDString = 3CD9A218212D15580032AFF6;
			remoteInfo = MobPushServiceExtension;
		};
		44543C0020BFACB200B6B45E /* PBXContainerItemProxy */ = {
			isa = PBXContainerItemProxy;
			containerPortal = DE2B9A1E1F7B52C50077BE5F /* Project object */;
			proxyType = 1;
			remoteGlobalIDString = DE2B9A251F7B52C60077BE5F;
			remoteInfo = MobPushDemo;
		};
/* End PBXContainerItemProxy section */

/* Begin PBXCopyFilesBuildPhase section */
		3CD9A225212D15580032AFF6 /* Embed App Extensions */ = {
			isa = PBXCopyFilesBuildPhase;
			buildActionMask = 2147483647;
			dstPath = "";
			dstSubfolderSpec = 13;
			files = (
				3CD9A221212D15580032AFF6 /* MobPushServiceExtension.appex in Embed App Extensions */,
			);
			name = "Embed App Extensions";
			runOnlyForDeploymentPostprocessing = 0;
		};
/* End PBXCopyFilesBuildPhase section */

/* Begin PBXFileReference section */
		2F1C7E0521F1A7240041D287 /* SettingViewController.h */ = {isa = PBXFileReference; lastKnownFileType = sourcecode.c.h; path = SettingViewController.h; sourceTree = "<group>"; };
		2F1C7E0621F1A7240041D287 /* SettingViewController.m */ = {isa = PBXFileReference; lastKnownFileType = sourcecode.c.objc; path = SettingViewController.m; sourceTree = "<group>"; };
		2F1C7E0721F1A7240041D287 /* SettingViewController.xib */ = {isa = PBXFileReference; lastKnownFileType = file.xib; path = SettingViewController.xib; sourceTree = "<group>"; };
		2F1D906922B73E2B002DCD2A /* TagsAndAliasViewController.h */ = {isa = PBXFileReference; lastKnownFileType = sourcecode.c.h; path = TagsAndAliasViewController.h; sourceTree = "<group>"; };
		2F1D906A22B73E2B002DCD2A /* TagsAndAliasViewController.m */ = {isa = PBXFileReference; lastKnownFileType = sourcecode.c.objc; path = TagsAndAliasViewController.m; sourceTree = "<group>"; };
		2F1D906B22B73E2B002DCD2A /* TagsAndAliasViewController.xib */ = {isa = PBXFileReference; lastKnownFileType = file.xib; path = TagsAndAliasViewController.xib; sourceTree = "<group>"; };
		3C5EDEFB20E9CA8E002D1670 /* linkitem@3x.png */ = {isa = PBXFileReference; lastKnownFileType = image.png; path = "linkitem@3x.png"; sourceTree = "<group>"; };
		3C5EDEFC20E9CA8E002D1670 /* linkitem@2x.png */ = {isa = PBXFileReference; lastKnownFileType = image.png; path = "linkitem@2x.png"; sourceTree = "<group>"; };
		3C5EDEFF20E9CE2F002D1670 /* RestoreViewController.h */ = {isa = PBXFileReference; lastKnownFileType = sourcecode.c.h; path = RestoreViewController.h; sourceTree = "<group>"; };
		3C5EDF0020E9CE30002D1670 /* RestoreViewController.m */ = {isa = PBXFileReference; lastKnownFileType = sourcecode.c.objc; path = RestoreViewController.m; sourceTree = "<group>"; };
		3C5EDF0120E9CE30002D1670 /* RestoreViewController.xib */ = {isa = PBXFileReference; lastKnownFileType = file.xib; path = RestoreViewController.xib; sourceTree = "<group>"; };
		3C5EDF0820E9D3B3002D1670 /* select@3x.png */ = {isa = PBXFileReference; lastKnownFileType = image.png; path = "select@3x.png"; sourceTree = "<group>"; };
		3C5EDF0920E9D3B3002D1670 /* select@2x.png */ = {isa = PBXFileReference; lastKnownFileType = image.png; path = "select@2x.png"; sourceTree = "<group>"; };
		3C5EE0F620EDD63E002D1670 /* MainItemView.h */ = {isa = PBXFileReference; fileEncoding = 4; lastKnownFileType = sourcecode.c.h; path = MainItemView.h; sourceTree = "<group>"; };
		3C745E5B20BF943D00E7CE5E /* MOBFoundationEx.framework */ = {isa = PBXFileReference; lastKnownFileType = wrapper.framework; path = MOBFoundationEx.framework; sourceTree = "<group>"; };
		3C745E5C20BF943D00E7CE5E /* MOBFoundation.framework */ = {isa = PBXFileReference; lastKnownFileType = wrapper.framework; path = MOBFoundation.framework; sourceTree = "<group>"; };
		3C745EA820BF9D1F00E7CE5E /* MobPush.framework */ = {isa = PBXFileReference; lastKnownFileType = wrapper.framework; path = MobPush.framework; sourceTree = "<group>"; };
		3CBF72EF212D4FA0009DC3C3 /* MobPushServiceExtension.framework */ = {isa = PBXFileReference; lastKnownFileType = wrapper.framework; path = MobPushServiceExtension.framework; sourceTree = "<group>"; };
		3CC815A0212EB5F2009ECAFB /* UserNotifications.framework */ = {isa = PBXFileReference; lastKnownFileType = wrapper.framework; name = UserNotifications.framework; path = System/Library/Frameworks/UserNotifications.framework; sourceTree = SDKROOT; };
		3CD9A219212D15580032AFF6 /* MobPushServiceExtension.appex */ = {isa = PBXFileReference; explicitFileType = "wrapper.app-extension"; includeInIndex = 0; path = MobPushServiceExtension.appex; sourceTree = BUILT_PRODUCTS_DIR; };
		3CD9A21B212D15580032AFF6 /* NotificationService.h */ = {isa = PBXFileReference; lastKnownFileType = sourcecode.c.h; path = NotificationService.h; sourceTree = "<group>"; };
		3CD9A21C212D15580032AFF6 /* NotificationService.m */ = {isa = PBXFileReference; lastKnownFileType = sourcecode.c.objc; path = NotificationService.m; sourceTree = "<group>"; };
		3CD9A21E212D15580032AFF6 /* Info.plist */ = {isa = PBXFileReference; lastKnownFileType = text.plist.xml; path = Info.plist; sourceTree = "<group>"; };
		3CF9386B214F981B0000AD18 /* libc++.tbd */ = {isa = PBXFileReference; lastKnownFileType = "sourcecode.text-based-dylib-definition"; name = "libc++.tbd"; path = "usr/lib/libc++.tbd"; sourceTree = SDKROOT; };
		4441D28D2084B0F1000B879B /* MainItemView.m */ = {isa = PBXFileReference; fileEncoding = 4; lastKnownFileType = sourcecode.c.objc; path = MainItemView.m; sourceTree = "<group>"; };
		4441D28E2084B0F1000B879B /* TimeTableViewCell.h */ = {isa = PBXFileReference; fileEncoding = 4; lastKnownFileType = sourcecode.c.h; path = TimeTableViewCell.h; sourceTree = "<group>"; };
		4441D28F2084B0F1000B879B /* UITextView+MPushPlaceholder.m */ = {isa = PBXFileReference; fileEncoding = 4; lastKnownFileType = sourcecode.c.objc; path = "UITextView+MPushPlaceholder.m"; sourceTree = "<group>"; };
		4441D2902084B0F1000B879B /* PushViewController.m */ = {isa = PBXFileReference; fileEncoding = 4; lastKnownFileType = sourcecode.c.objc; path = PushViewController.m; sourceTree = "<group>"; };
		4441D2912084B0F1000B879B /* OpenPageViewController.h */ = {isa = PBXFileReference; fileEncoding = 4; lastKnownFileType = sourcecode.c.h; path = OpenPageViewController.h; sourceTree = "<group>"; };
		4441D2922084B0F1000B879B /* WebViewController.m */ = {isa = PBXFileReference; fileEncoding = 4; lastKnownFileType = sourcecode.c.objc; path = WebViewController.m; sourceTree = "<group>"; };
		4441D2952084B0F1000B879B /* selectRed@3x.png */ = {isa = PBXFileReference; lastKnownFileType = image.png; path = "selectRed@3x.png"; sourceTree = "<group>"; };
		4441D2962084B0F1000B879B /* selectRed@2x.png */ = {isa = PBXFileReference; lastKnownFileType = image.png; path = "selectRed@2x.png"; sourceTree = "<group>"; };
		4441D2982084B0F1000B879B /* return@2x.png */ = {isa = PBXFileReference; lastKnownFileType = image.png; path = "return@2x.png"; sourceTree = "<group>"; };
		4441D2992084B0F1000B879B /* local@2x.png */ = {isa = PBXFileReference; lastKnownFileType = image.png; path = "local@2x.png"; sourceTree = "<group>"; };
		4441D29A2084B0F1000B879B /* return@3x.png */ = {isa = PBXFileReference; lastKnownFileType = image.png; path = "return@3x.png"; sourceTree = "<group>"; };
		4441D29B2084B0F1000B879B /* schedule@2x.png */ = {isa = PBXFileReference; lastKnownFileType = image.png; path = "schedule@2x.png"; sourceTree = "<group>"; };
		4441D29C2084B0F1000B879B /* remote@2x.png */ = {isa = PBXFileReference; lastKnownFileType = image.png; path = "remote@2x.png"; sourceTree = "<group>"; };
		4441D29D2084B0F1000B879B /* localNotication@2x.png */ = {isa = PBXFileReference; lastKnownFileType = image.png; path = "localNotication@2x.png"; sourceTree = "<group>"; };
		4441D2A12084B0F1000B879B /* pushVC@2x.png */ = {isa = PBXFileReference; lastKnownFileType = image.png; path = "pushVC@2x.png"; sourceTree = "<group>"; };
		4441D2A32084B0F1000B879B /* TimeTableViewCell.m */ = {isa = PBXFileReference; fileEncoding = 4; lastKnownFileType = sourcecode.c.objc; path = TimeTableViewCell.m; sourceTree = "<group>"; };
		4441D2A62084B0F1000B879B /* AlertViewController.m */ = {isa = PBXFileReference; fileEncoding = 4; lastKnownFileType = sourcecode.c.objc; path = AlertViewController.m; sourceTree = "<group>"; };
		4441D2A72084B0F1000B879B /* AlertViewController.h */ = {isa = PBXFileReference; fileEncoding = 4; lastKnownFileType = sourcecode.c.h; path = AlertViewController.h; sourceTree = "<group>"; };
		4441D2A82084B0F1000B879B /* OpenPageViewController.xib */ = {isa = PBXFileReference; fileEncoding = 4; lastKnownFileType = file.xib; path = OpenPageViewController.xib; sourceTree = "<group>"; };
		4441D2A92084B0F1000B879B /* UITextView+MPushPlaceholder.h */ = {isa = PBXFileReference; fileEncoding = 4; lastKnownFileType = sourcecode.c.h; path = "UITextView+MPushPlaceholder.h"; sourceTree = "<group>"; };
		4441D2AB2084B0F1000B879B /* MBProgressHUD.m */ = {isa = PBXFileReference; fileEncoding = 4; lastKnownFileType = sourcecode.c.objc; path = MBProgressHUD.m; sourceTree = "<group>"; };
		4441D2AC2084B0F1000B879B /* MBProgressHUD+Extension.h */ = {isa = PBXFileReference; fileEncoding = 4; lastKnownFileType = sourcecode.c.h; path = "MBProgressHUD+Extension.h"; sourceTree = "<group>"; };
		4441D2AD2084B0F1000B879B /* MBProgressHUD.h */ = {isa = PBXFileReference; fileEncoding = 4; lastKnownFileType = sourcecode.c.h; path = MBProgressHUD.h; sourceTree = "<group>"; };
		4441D2AE2084B0F1000B879B /* MBProgressHUD+Extension.m */ = {isa = PBXFileReference; fileEncoding = 4; lastKnownFileType = sourcecode.c.objc; path = "MBProgressHUD+Extension.m"; sourceTree = "<group>"; };
		4441D2AF2084B0F1000B879B /* WebViewController.xib */ = {isa = PBXFileReference; fileEncoding = 4; lastKnownFileType = file.xib; path = WebViewController.xib; sourceTree = "<group>"; };
		4441D2B02084B0F1000B879B /* PushViewController.h */ = {isa = PBXFileReference; fileEncoding = 4; lastKnownFileType = sourcecode.c.h; path = PushViewController.h; sourceTree = "<group>"; };
		4441D2B12084B0F1000B879B /* WebViewController.h */ = {isa = PBXFileReference; fileEncoding = 4; lastKnownFileType = sourcecode.c.h; path = WebViewController.h; sourceTree = "<group>"; };
		4441D2B22084B0F1000B879B /* OpenPageViewController.m */ = {isa = PBXFileReference; fileEncoding = 4; lastKnownFileType = sourcecode.c.objc; path = OpenPageViewController.m; sourceTree = "<group>"; };
		4441D2CD2084B120000B879B /* MOBNavigationViewController.h */ = {isa = PBXFileReference; fileEncoding = 4; lastKnownFileType = sourcecode.c.h; path = MOBNavigationViewController.h; sourceTree = "<group>"; };
		4441D2CE2084B120000B879B /* MOBNavigationViewController.m */ = {isa = PBXFileReference; fileEncoding = 4; lastKnownFileType = sourcecode.c.objc; path = MOBNavigationViewController.m; sourceTree = "<group>"; };
		44543BFB20BFACB200B6B45E /* MobPushDemoTests.xctest */ = {isa = PBXFileReference; explicitFileType = wrapper.cfbundle; includeInIndex = 0; path = MobPushDemoTests.xctest; sourceTree = BUILT_PRODUCTS_DIR; };
		44543BFD20BFACB200B6B45E /* MobPushDemoTests.m */ = {isa = PBXFileReference; lastKnownFileType = sourcecode.c.objc; path = MobPushDemoTests.m; sourceTree = "<group>"; };
		44543BFF20BFACB200B6B45E /* Info.plist */ = {isa = PBXFileReference; lastKnownFileType = text.plist.xml; path = Info.plist; sourceTree = "<group>"; };
		DE1CB8971FC3D60200F60342 /* ViewController.h */ = {isa = PBXFileReference; fileEncoding = 4; lastKnownFileType = sourcecode.c.h; path = ViewController.h; sourceTree = "<group>"; };
		DE1CB8981FC3D60200F60342 /* ViewController.m */ = {isa = PBXFileReference; fileEncoding = 4; lastKnownFileType = sourcecode.c.objc; path = ViewController.m; sourceTree = "<group>"; };
		DE2B9A261F7B52C60077BE5F /* MobPushDemo.app */ = {isa = PBXFileReference; explicitFileType = wrapper.application; includeInIndex = 0; path = MobPushDemo.app; sourceTree = BUILT_PRODUCTS_DIR; };
		DE2B9A2A1F7B52C60077BE5F /* main.m */ = {isa = PBXFileReference; lastKnownFileType = sourcecode.c.objc; path = main.m; sourceTree = "<group>"; };
		DE2B9A2C1F7B52C60077BE5F /* AppDelegate.h */ = {isa = PBXFileReference; lastKnownFileType = sourcecode.c.h; path = AppDelegate.h; sourceTree = "<group>"; };
		DE2B9A2D1F7B52C60077BE5F /* AppDelegate.m */ = {isa = PBXFileReference; lastKnownFileType = sourcecode.c.objc; path = AppDelegate.m; sourceTree = "<group>"; };
		DE2B9A331F7B52C60077BE5F /* Base */ = {isa = PBXFileReference; lastKnownFileType = file.storyboard; name = Base; path = Base.lproj/Main.storyboard; sourceTree = "<group>"; };
		DE2B9A351F7B52C60077BE5F /* Assets.xcassets */ = {isa = PBXFileReference; lastKnownFileType = folder.assetcatalog; path = Assets.xcassets; sourceTree = "<group>"; };
		DE2B9A381F7B52C60077BE5F /* Base */ = {isa = PBXFileReference; lastKnownFileType = file.storyboard; name = Base; path = Base.lproj/LaunchScreen.storyboard; sourceTree = "<group>"; };
		DE2B9A3A1F7B52C60077BE5F /* Info.plist */ = {isa = PBXFileReference; lastKnownFileType = text.plist.xml; path = Info.plist; sourceTree = "<group>"; };
		DE40B86E1FC3D2D60067EF79 /* MobPushDemo.entitlements */ = {isa = PBXFileReference; lastKnownFileType = text.plist.entitlements; path = MobPushDemo.entitlements; sourceTree = "<group>"; };
		DE40B87D1FC3FE110067EF79 /* CoreLocation.framework */ = {isa = PBXFileReference; lastKnownFileType = wrapper.framework; name = CoreLocation.framework; path = System/Library/Frameworks/CoreLocation.framework; sourceTree = SDKROOT; };
		DE5591D21FFF64CC00FCCBBA /* unbelievable.caf */ = {isa = PBXFileReference; lastKnownFileType = file; path = unbelievable.caf; sourceTree = "<group>"; };
/* End PBXFileReference section */

/* Begin PBXFrameworksBuildPhase section */
		3CD9A216212D15580032AFF6 /* Frameworks */ = {
			isa = PBXFrameworksBuildPhase;
			buildActionMask = 2147483647;
			files = (
				3C5F76C8212FF83300C2F035 /* MobPushServiceExtension.framework in Frameworks */,
			);
			runOnlyForDeploymentPostprocessing = 0;
		};
		44543BF820BFACB200B6B45E /* Frameworks */ = {
			isa = PBXFrameworksBuildPhase;
			buildActionMask = 2147483647;
			files = (
			);
			runOnlyForDeploymentPostprocessing = 0;
		};
		DE2B9A231F7B52C60077BE5F /* Frameworks */ = {
			isa = PBXFrameworksBuildPhase;
			buildActionMask = 2147483647;
			files = (
				3CF9386C214F981B0000AD18 /* libc++.tbd in Frameworks */,
				DE40B87E1FC3FE110067EF79 /* CoreLocation.framework in Frameworks */,
				3C745E5F20BF943D00E7CE5E /* MOBFoundation.framework in Frameworks */,
				3C745EA920BF9D1F00E7CE5E /* MobPush.framework in Frameworks */,
				3C745E5E20BF943D00E7CE5E /* MOBFoundationEx.framework in Frameworks */,
				3CBF72F0212D4FA0009DC3C3 /* MobPushServiceExtension.framework in Frameworks */,
			);
			runOnlyForDeploymentPostprocessing = 0;
		};
/* End PBXFrameworksBuildPhase section */

/* Begin PBXGroup section */
		3C745E5720BF943D00E7CE5E /* SDK */ = {
			isa = PBXGroup;
			children = (
				3C745EA720BF9D1F00E7CE5E /* MobPush */,
				3C745E5A20BF943D00E7CE5E /* Required */,
			);
			name = SDK;
			path = ../../SDK;
			sourceTree = "<group>";
		};
		3C745E5A20BF943D00E7CE5E /* Required */ = {
			isa = PBXGroup;
			children = (
				3C745E5B20BF943D00E7CE5E /* MOBFoundationEx.framework */,
				3C745E5C20BF943D00E7CE5E /* MOBFoundation.framework */,
			);
			path = Required;
			sourceTree = "<group>";
		};
		3C745EA720BF9D1F00E7CE5E /* MobPush */ = {
			isa = PBXGroup;
			children = (
				3CBF72EF212D4FA0009DC3C3 /* MobPushServiceExtension.framework */,
				3C745EA820BF9D1F00E7CE5E /* MobPush.framework */,
			);
			path = MobPush;
			sourceTree = "<group>";
		};
		3CD9A21A212D15580032AFF6 /* MobPushServiceExtension */ = {
			isa = PBXGroup;
			children = (
				3CD9A21B212D15580032AFF6 /* NotificationService.h */,
				3CD9A21C212D15580032AFF6 /* NotificationService.m */,
				3CD9A21E212D15580032AFF6 /* Info.plist */,
			);
			path = MobPushServiceExtension;
			sourceTree = "<group>";
		};
		4441D28C2084B0F1000B879B /* MobPushUI */ = {
			isa = PBXGroup;
			children = (
				4441D2AA2084B0F1000B879B /* MBProgressHUD */,
				4441D2932084B0F1000B879B /* Image */,
				4441D2A52084B0F1000B879B /* AlertView */,
				3C5EE0F620EDD63E002D1670 /* MainItemView.h */,
				4441D28D2084B0F1000B879B /* MainItemView.m */,
				4441D28E2084B0F1000B879B /* TimeTableViewCell.h */,
				4441D2A32084B0F1000B879B /* TimeTableViewCell.m */,
				4441D2A92084B0F1000B879B /* UITextView+MPushPlaceholder.h */,
				4441D28F2084B0F1000B879B /* UITextView+MPushPlaceholder.m */,
				4441D2B02084B0F1000B879B /* PushViewController.h */,
				4441D2902084B0F1000B879B /* PushViewController.m */,
				4441D2912084B0F1000B879B /* OpenPageViewController.h */,
				4441D2B22084B0F1000B879B /* OpenPageViewController.m */,
				4441D2A82084B0F1000B879B /* OpenPageViewController.xib */,
				3C5EDEFF20E9CE2F002D1670 /* RestoreViewController.h */,
				3C5EDF0020E9CE30002D1670 /* RestoreViewController.m */,
				3C5EDF0120E9CE30002D1670 /* RestoreViewController.xib */,
				4441D2B12084B0F1000B879B /* WebViewController.h */,
				4441D2922084B0F1000B879B /* WebViewController.m */,
				4441D2AF2084B0F1000B879B /* WebViewController.xib */,
				2F1C7E0521F1A7240041D287 /* SettingViewController.h */,
				2F1C7E0621F1A7240041D287 /* SettingViewController.m */,
				2F1C7E0721F1A7240041D287 /* SettingViewController.xib */,
				2F1D906922B73E2B002DCD2A /* TagsAndAliasViewController.h */,
				2F1D906A22B73E2B002DCD2A /* TagsAndAliasViewController.m */,
				2F1D906B22B73E2B002DCD2A /* TagsAndAliasViewController.xib */,
			);
			path = MobPushUI;
			sourceTree = "<group>";
		};
		4441D2932084B0F1000B879B /* Image */ = {
			isa = PBXGroup;
			children = (
				3C5EDF0920E9D3B3002D1670 /* select@2x.png */,
				3C5EDF0820E9D3B3002D1670 /* select@3x.png */,
				3C5EDEFC20E9CA8E002D1670 /* linkitem@2x.png */,
				3C5EDEFB20E9CA8E002D1670 /* linkitem@3x.png */,
				4441D2952084B0F1000B879B /* selectRed@3x.png */,
				4441D2962084B0F1000B879B /* selectRed@2x.png */,
				4441D2982084B0F1000B879B /* return@2x.png */,
				4441D29A2084B0F1000B879B /* return@3x.png */,
				4441D2992084B0F1000B879B /* local@2x.png */,
				4441D29B2084B0F1000B879B /* schedule@2x.png */,
				4441D29C2084B0F1000B879B /* remote@2x.png */,
				4441D29D2084B0F1000B879B /* localNotication@2x.png */,
				4441D2A12084B0F1000B879B /* pushVC@2x.png */,
			);
			path = Image;
			sourceTree = "<group>";
		};
		4441D2A52084B0F1000B879B /* AlertView */ = {
			isa = PBXGroup;
			children = (
				4441D2A72084B0F1000B879B /* AlertViewController.h */,
				4441D2A62084B0F1000B879B /* AlertViewController.m */,
			);
			path = AlertView;
			sourceTree = "<group>";
		};
		4441D2AA2084B0F1000B879B /* MBProgressHUD */ = {
			isa = PBXGroup;
			children = (
				4441D2AD2084B0F1000B879B /* MBProgressHUD.h */,
				4441D2AB2084B0F1000B879B /* MBProgressHUD.m */,
				4441D2AC2084B0F1000B879B /* MBProgressHUD+Extension.h */,
				4441D2AE2084B0F1000B879B /* MBProgressHUD+Extension.m */,
			);
			path = MBProgressHUD;
			sourceTree = "<group>";
		};
		44543BFC20BFACB200B6B45E /* MobPushDemoTests */ = {
			isa = PBXGroup;
			children = (
				44543BFD20BFACB200B6B45E /* MobPushDemoTests.m */,
				44543BFF20BFACB200B6B45E /* Info.plist */,
			);
			path = MobPushDemoTests;
			sourceTree = "<group>";
		};
		DE2B9A1D1F7B52C50077BE5F = {
			isa = PBXGroup;
			children = (
				3C745E5720BF943D00E7CE5E /* SDK */,
				DE2B9A281F7B52C60077BE5F /* MobPushDemo */,
				44543BFC20BFACB200B6B45E /* MobPushDemoTests */,
				3CD9A21A212D15580032AFF6 /* MobPushServiceExtension */,
				DE2B9A271F7B52C60077BE5F /* Products */,
				DE40B8751FC3D7810067EF79 /* Frameworks */,
			);
			sourceTree = "<group>";
		};
		DE2B9A271F7B52C60077BE5F /* Products */ = {
			isa = PBXGroup;
			children = (
				DE2B9A261F7B52C60077BE5F /* MobPushDemo.app */,
				44543BFB20BFACB200B6B45E /* MobPushDemoTests.xctest */,
				3CD9A219212D15580032AFF6 /* MobPushServiceExtension.appex */,
			);
			name = Products;
			sourceTree = "<group>";
		};
		DE2B9A281F7B52C60077BE5F /* MobPushDemo */ = {
			isa = PBXGroup;
			children = (
				4441D28C2084B0F1000B879B /* MobPushUI */,
				DE40B86E1FC3D2D60067EF79 /* MobPushDemo.entitlements */,
				DE2B9A2C1F7B52C60077BE5F /* AppDelegate.h */,
				DE2B9A2D1F7B52C60077BE5F /* AppDelegate.m */,
				4441D2CD2084B120000B879B /* MOBNavigationViewController.h */,
				4441D2CE2084B120000B879B /* MOBNavigationViewController.m */,
				DE1CB8971FC3D60200F60342 /* ViewController.h */,
				DE1CB8981FC3D60200F60342 /* ViewController.m */,
				DE2B9A3A1F7B52C60077BE5F /* Info.plist */,
				DE2B9A291F7B52C60077BE5F /* Supporting Files */,
			);
			path = MobPushDemo;
			sourceTree = "<group>";
		};
		DE2B9A291F7B52C60077BE5F /* Supporting Files */ = {
			isa = PBXGroup;
			children = (
				DE5591D21FFF64CC00FCCBBA /* unbelievable.caf */,
				DE2B9A321F7B52C60077BE5F /* Main.storyboard */,
				DE2B9A351F7B52C60077BE5F /* Assets.xcassets */,
				DE2B9A371F7B52C60077BE5F /* LaunchScreen.storyboard */,
				DE2B9A2A1F7B52C60077BE5F /* main.m */,
			);
			name = "Supporting Files";
			sourceTree = "<group>";
		};
		DE40B8751FC3D7810067EF79 /* Frameworks */ = {
			isa = PBXGroup;
			children = (
				3CF9386B214F981B0000AD18 /* libc++.tbd */,
				3CC815A0212EB5F2009ECAFB /* UserNotifications.framework */,
				DE40B87D1FC3FE110067EF79 /* CoreLocation.framework */,
			);
			name = Frameworks;
			sourceTree = "<group>";
		};
/* End PBXGroup section */

/* Begin PBXNativeTarget section */
		3CD9A218212D15580032AFF6 /* MobPushServiceExtension */ = {
			isa = PBXNativeTarget;
			buildConfigurationList = 3CD9A224212D15580032AFF6 /* Build configuration list for PBXNativeTarget "MobPushServiceExtension" */;
			buildPhases = (
				3CD9A215212D15580032AFF6 /* Sources */,
				3CD9A216212D15580032AFF6 /* Frameworks */,
				3CD9A217212D15580032AFF6 /* Resources */,
			);
			buildRules = (
			);
			dependencies = (
			);
			name = MobPushServiceExtension;
			productName = MobPushServiceExtension;
			productReference = 3CD9A219212D15580032AFF6 /* MobPushServiceExtension.appex */;
			productType = "com.apple.product-type.app-extension";
		};
		44543BFA20BFACB200B6B45E /* MobPushDemoTests */ = {
			isa = PBXNativeTarget;
			buildConfigurationList = 44543C0420BFACB200B6B45E /* Build configuration list for PBXNativeTarget "MobPushDemoTests" */;
			buildPhases = (
				44543BF720BFACB200B6B45E /* Sources */,
				44543BF820BFACB200B6B45E /* Frameworks */,
				44543BF920BFACB200B6B45E /* Resources */,
			);
			buildRules = (
			);
			dependencies = (
				44543C0120BFACB200B6B45E /* PBXTargetDependency */,
			);
			name = MobPushDemoTests;
			productName = MobPushDemoTests;
			productReference = 44543BFB20BFACB200B6B45E /* MobPushDemoTests.xctest */;
			productType = "com.apple.product-type.bundle.unit-test";
		};
		DE2B9A251F7B52C60077BE5F /* MobPushDemo */ = {
			isa = PBXNativeTarget;
			buildConfigurationList = DE2B9A3D1F7B52C60077BE5F /* Build configuration list for PBXNativeTarget "MobPushDemo" */;
			buildPhases = (
				DE2B9A221F7B52C60077BE5F /* Sources */,
				DE2B9A231F7B52C60077BE5F /* Frameworks */,
				DE2B9A241F7B52C60077BE5F /* Resources */,
				3CD9A225212D15580032AFF6 /* Embed App Extensions */,
			);
			buildRules = (
			);
			dependencies = (
				3CD9A220212D15580032AFF6 /* PBXTargetDependency */,
			);
			name = MobPushDemo;
			productName = MobPushDemo;
			productReference = DE2B9A261F7B52C60077BE5F /* MobPushDemo.app */;
			productType = "com.apple.product-type.application";
		};
/* End PBXNativeTarget section */

/* Begin PBXProject section */
		DE2B9A1E1F7B52C50077BE5F /* Project object */ = {
			isa = PBXProject;
			attributes = {
				LastUpgradeCheck = 0940;
				ORGANIZATIONNAME = com.mob;
				TargetAttributes = {
					3CD9A218212D15580032AFF6 = {
						CreatedOnToolsVersion = 9.4.1;
						DevelopmentTeam = LW5266U92D;
						ProvisioningStyle = Manual;
					};
					44543BFA20BFACB200B6B45E = {
						CreatedOnToolsVersion = 9.2;
						ProvisioningStyle = Automatic;
						TestTargetID = DE2B9A251F7B52C60077BE5F;
					};
					DE2B9A251F7B52C60077BE5F = {
						CreatedOnToolsVersion = 7.2;
						DevelopmentTeam = LW5266U92D;
						ProvisioningStyle = Manual;
						SystemCapabilities = {
							com.apple.BackgroundModes = {
								enabled = 1;
							};
							com.apple.Push = {
								enabled = 1;
							};
						};
					};
				};
			};
			buildConfigurationList = DE2B9A211F7B52C60077BE5F /* Build configuration list for PBXProject "MobPushDemo" */;
			compatibilityVersion = "Xcode 3.2";
			developmentRegion = English;
			hasScannedForEncodings = 0;
			knownRegions = (
				English,
				en,
				Base,
			);
			mainGroup = DE2B9A1D1F7B52C50077BE5F;
			productRefGroup = DE2B9A271F7B52C60077BE5F /* Products */;
			projectDirPath = "";
			projectRoot = "";
			targets = (
				DE2B9A251F7B52C60077BE5F /* MobPushDemo */,
				44543BFA20BFACB200B6B45E /* MobPushDemoTests */,
				3CD9A218212D15580032AFF6 /* MobPushServiceExtension */,
			);
		};
/* End PBXProject section */

/* Begin PBXResourcesBuildPhase section */
		3CD9A217212D15580032AFF6 /* Resources */ = {
			isa = PBXResourcesBuildPhase;
			buildActionMask = 2147483647;
			files = (
			);
			runOnlyForDeploymentPostprocessing = 0;
		};
		44543BF920BFACB200B6B45E /* Resources */ = {
			isa = PBXResourcesBuildPhase;
			buildActionMask = 2147483647;
			files = (
			);
			runOnlyForDeploymentPostprocessing = 0;
		};
		DE2B9A241F7B52C60077BE5F /* Resources */ = {
			isa = PBXResourcesBuildPhase;
			buildActionMask = 2147483647;
			files = (
				4441D2BC2084B0F1000B879B /* local@2x.png in Resources */,
				DE5591D31FFF64CC00FCCBBA /* unbelievable.caf in Resources */,
				3C5EDF0A20E9D3B3002D1670 /* select@3x.png in Resources */,
				DE2B9A391F7B52C60077BE5F /* LaunchScreen.storyboard in Resources */,
				4441D2CB2084B0F1000B879B /* WebViewController.xib in Resources */,
				DE2B9A361F7B52C60077BE5F /* Assets.xcassets in Resources */,
				2F1D906D22B73E2B002DCD2A /* TagsAndAliasViewController.xib in Resources */,
				4441D2C82084B0F1000B879B /* OpenPageViewController.xib in Resources */,
				2F1C7E0921F1A7240041D287 /* SettingViewController.xib in Resources */,
				4441D2C02084B0F1000B879B /* localNotication@2x.png in Resources */,
				4441D2B82084B0F1000B879B /* selectRed@3x.png in Resources */,
				4441D2BD2084B0F1000B879B /* return@3x.png in Resources */,
				4441D2BB2084B0F1000B879B /* return@2x.png in Resources */,
				3C5EDEFD20E9CA8E002D1670 /* linkitem@3x.png in Resources */,
				3C5EDF0320E9CE30002D1670 /* RestoreViewController.xib in Resources */,
				4441D2BF2084B0F1000B879B /* remote@2x.png in Resources */,
				3C5EDF0B20E9D3B3002D1670 /* select@2x.png in Resources */,
				4441D2BE2084B0F1000B879B /* schedule@2x.png in Resources */,
				3C5EDEFE20E9CA8E002D1670 /* linkitem@2x.png in Resources */,
				4441D2B92084B0F1000B879B /* selectRed@2x.png in Resources */,
				DE2B9A341F7B52C60077BE5F /* Main.storyboard in Resources */,
				4441D2C42084B0F1000B879B /* pushVC@2x.png in Resources */,
			);
			runOnlyForDeploymentPostprocessing = 0;
		};
/* End PBXResourcesBuildPhase section */

/* Begin PBXSourcesBuildPhase section */
		3CD9A215212D15580032AFF6 /* Sources */ = {
			isa = PBXSourcesBuildPhase;
			buildActionMask = 2147483647;
			files = (
				3CD9A21D212D15580032AFF6 /* NotificationService.m in Sources */,
			);
			runOnlyForDeploymentPostprocessing = 0;
		};
		44543BF720BFACB200B6B45E /* Sources */ = {
			isa = PBXSourcesBuildPhase;
			buildActionMask = 2147483647;
			files = (
				44543BFE20BFACB200B6B45E /* MobPushDemoTests.m in Sources */,
			);
			runOnlyForDeploymentPostprocessing = 0;
		};
		DE2B9A221F7B52C60077BE5F /* Sources */ = {
			isa = PBXSourcesBuildPhase;
			buildActionMask = 2147483647;
			files = (
				4441D2C62084B0F1000B879B /* TimeTableViewCell.m in Sources */,
				4441D2CC2084B0F1000B879B /* OpenPageViewController.m in Sources */,
				2F1D906C22B73E2B002DCD2A /* TagsAndAliasViewController.m in Sources */,
				4441D2CA2084B0F1000B879B /* MBProgressHUD+Extension.m in Sources */,
				3C5EDF0220E9CE30002D1670 /* RestoreViewController.m in Sources */,
				4441D2B32084B0F1000B879B /* MainItemView.m in Sources */,
				4441D2C72084B0F1000B879B /* AlertViewController.m in Sources */,
				4441D2B62084B0F1000B879B /* WebViewController.m in Sources */,
				DE1CB8A71FC3D60200F60342 /* ViewController.m in Sources */,
				4441D2B52084B0F1000B879B /* PushViewController.m in Sources */,
				4441D2CF2084B120000B879B /* MOBNavigationViewController.m in Sources */,
				4441D2B42084B0F1000B879B /* UITextView+MPushPlaceholder.m in Sources */,
				4441D2C92084B0F1000B879B /* MBProgressHUD.m in Sources */,
				DE2B9A2E1F7B52C60077BE5F /* AppDelegate.m in Sources */,
				DE2B9A2B1F7B52C60077BE5F /* main.m in Sources */,
				2F1C7E0821F1A7240041D287 /* SettingViewController.m in Sources */,
			);
			runOnlyForDeploymentPostprocessing = 0;
		};
/* End PBXSourcesBuildPhase section */

/* Begin PBXTargetDependency section */
		3CD9A220212D15580032AFF6 /* PBXTargetDependency */ = {
			isa = PBXTargetDependency;
			target = 3CD9A218212D15580032AFF6 /* MobPushServiceExtension */;
			targetProxy = 3CD9A21F212D15580032AFF6 /* PBXContainerItemProxy */;
		};
		44543C0120BFACB200B6B45E /* PBXTargetDependency */ = {
			isa = PBXTargetDependency;
			target = DE2B9A251F7B52C60077BE5F /* MobPushDemo */;
			targetProxy = 44543C0020BFACB200B6B45E /* PBXContainerItemProxy */;
		};
/* End PBXTargetDependency section */

/* Begin PBXVariantGroup section */
		DE2B9A321F7B52C60077BE5F /* Main.storyboard */ = {
			isa = PBXVariantGroup;
			children = (
				DE2B9A331F7B52C60077BE5F /* Base */,
			);
			name = Main.storyboard;
			sourceTree = "<group>";
		};
		DE2B9A371F7B52C60077BE5F /* LaunchScreen.storyboard */ = {
			isa = PBXVariantGroup;
			children = (
				DE2B9A381F7B52C60077BE5F /* Base */,
			);
			name = LaunchScreen.storyboard;
			sourceTree = "<group>";
		};
/* End PBXVariantGroup section */

/* Begin XCBuildConfiguration section */
		3CD9A222212D15580032AFF6 /* Debug */ = {
			isa = XCBuildConfiguration;
			buildSettings = {
				CLANG_ANALYZER_NONNULL = YES;
				CLANG_ANALYZER_NUMBER_OBJECT_CONVERSION = YES_AGGRESSIVE;
				CLANG_CXX_LANGUAGE_STANDARD = "gnu++14";
				CLANG_ENABLE_OBJC_WEAK = YES;
				CLANG_WARN_DOCUMENTATION_COMMENTS = YES;
				CLANG_WARN_UNGUARDED_AVAILABILITY = YES_AGGRESSIVE;
				CODE_SIGN_IDENTITY = "iPhone Developer";
				"CODE_SIGN_IDENTITY[sdk=iphoneos*]" = "iPhone Developer";
				CODE_SIGN_STYLE = Manual;
				DEVELOPMENT_TEAM = LW5266U92D;
				FRAMEWORK_SEARCH_PATHS = "$(PROJECT_DIR)/../../SDK/**";
				GCC_C_LANGUAGE_STANDARD = gnu11;
				INFOPLIST_FILE = MobPushServiceExtension/Info.plist;
				IPHONEOS_DEPLOYMENT_TARGET = 10.0;
				LD_RUNPATH_SEARCH_PATHS = "$(inherited) @executable_path/Frameworks @executable_path/../../Frameworks";
				PRODUCT_BUNDLE_IDENTIFIER = com.mob.MobPush.MobPushServiceExtension;
				PRODUCT_NAME = "$(TARGET_NAME)";
				PROVISIONING_PROFILE = "71b95e15-a886-4234-9dc0-356dd4ab09ad";
				PROVISIONING_PROFILE_SPECIFIER = MobPushServiceExtensionDev;
				SKIP_INSTALL = YES;
				TARGETED_DEVICE_FAMILY = "1,2";
			};
			name = Debug;
		};
		3CD9A223212D15580032AFF6 /* Release */ = {
			isa = XCBuildConfiguration;
			buildSettings = {
				CLANG_ANALYZER_NONNULL = YES;
				CLANG_ANALYZER_NUMBER_OBJECT_CONVERSION = YES_AGGRESSIVE;
				CLANG_CXX_LANGUAGE_STANDARD = "gnu++14";
				CLANG_ENABLE_OBJC_WEAK = YES;
				CLANG_WARN_DOCUMENTATION_COMMENTS = YES;
				CLANG_WARN_UNGUARDED_AVAILABILITY = YES_AGGRESSIVE;
				CODE_SIGN_IDENTITY = "iPhone Developer";
				"CODE_SIGN_IDENTITY[sdk=iphoneos*]" = "iPhone Distribution";
				CODE_SIGN_STYLE = Manual;
				DEVELOPMENT_TEAM = LW5266U92D;
				FRAMEWORK_SEARCH_PATHS = "$(PROJECT_DIR)/../../SDK/**";
				GCC_C_LANGUAGE_STANDARD = gnu11;
				INFOPLIST_FILE = MobPushServiceExtension/Info.plist;
				IPHONEOS_DEPLOYMENT_TARGET = 10.0;
				LD_RUNPATH_SEARCH_PATHS = "$(inherited) @executable_path/Frameworks @executable_path/../../Frameworks";
				PRODUCT_BUNDLE_IDENTIFIER = com.mob.MobPush.MobPushServiceExtension;
				PRODUCT_NAME = "$(TARGET_NAME)";
				PROVISIONING_PROFILE = "d33dbcd9-44b9-44a8-8617-3955ddfa1d0f";
				PROVISIONING_PROFILE_SPECIFIER = MobPushServiceExtensionInHouse;
				SKIP_INSTALL = YES;
				TARGETED_DEVICE_FAMILY = "1,2";
			};
			name = Release;
		};
		44543C0220BFACB200B6B45E /* Debug */ = {
			isa = XCBuildConfiguration;
			buildSettings = {
				BUNDLE_LOADER = "$(TEST_HOST)";
				CLANG_ANALYZER_NONNULL = YES;
				CLANG_ANALYZER_NUMBER_OBJECT_CONVERSION = YES_AGGRESSIVE;
				CLANG_CXX_LANGUAGE_STANDARD = "gnu++14";
				CLANG_WARN_DOCUMENTATION_COMMENTS = YES;
				CLANG_WARN_UNGUARDED_AVAILABILITY = YES_AGGRESSIVE;
				CODE_SIGN_IDENTITY = "iPhone Developer";
				CODE_SIGN_STYLE = Automatic;
				DEVELOPMENT_TEAM = "";
				FRAMEWORK_SEARCH_PATHS = "\"$(SRCROOT)/../../SDK\"/**";
				GCC_C_LANGUAGE_STANDARD = gnu11;
				INFOPLIST_FILE = MobPushDemoTests/Info.plist;
				IPHONEOS_DEPLOYMENT_TARGET = 11.2;
				LD_RUNPATH_SEARCH_PATHS = "$(inherited) @executable_path/Frameworks @loader_path/Frameworks";
				PRODUCT_BUNDLE_IDENTIFIER = com.mob.MobPushDemoTests;
				PRODUCT_NAME = "$(TARGET_NAME)";
				PROVISIONING_PROFILE_SPECIFIER = "";
				TARGETED_DEVICE_FAMILY = "1,2";
				TEST_HOST = "$(BUILT_PRODUCTS_DIR)/MobPushDemo.app/MobPushDemo";
			};
			name = Debug;
		};
		44543C0320BFACB200B6B45E /* Release */ = {
			isa = XCBuildConfiguration;
			buildSettings = {
				BUNDLE_LOADER = "$(TEST_HOST)";
				CLANG_ANALYZER_NONNULL = YES;
				CLANG_ANALYZER_NUMBER_OBJECT_CONVERSION = YES_AGGRESSIVE;
				CLANG_CXX_LANGUAGE_STANDARD = "gnu++14";
				CLANG_WARN_DOCUMENTATION_COMMENTS = YES;
				CLANG_WARN_UNGUARDED_AVAILABILITY = YES_AGGRESSIVE;
				CODE_SIGN_IDENTITY = "iPhone Developer";
				CODE_SIGN_STYLE = Automatic;
				DEVELOPMENT_TEAM = "";
				FRAMEWORK_SEARCH_PATHS = "\"$(SRCROOT)/../../SDK\"/**";
				GCC_C_LANGUAGE_STANDARD = gnu11;
				INFOPLIST_FILE = MobPushDemoTests/Info.plist;
				IPHONEOS_DEPLOYMENT_TARGET = 11.2;
				LD_RUNPATH_SEARCH_PATHS = "$(inherited) @executable_path/Frameworks @loader_path/Frameworks";
				PRODUCT_BUNDLE_IDENTIFIER = com.mob.MobPushDemoTests;
				PRODUCT_NAME = "$(TARGET_NAME)";
				PROVISIONING_PROFILE_SPECIFIER = "";
				TARGETED_DEVICE_FAMILY = "1,2";
				TEST_HOST = "$(BUILT_PRODUCTS_DIR)/MobPushDemo.app/MobPushDemo";
			};
			name = Release;
		};
		DE2B9A3B1F7B52C60077BE5F /* Debug */ = {
			isa = XCBuildConfiguration;
			buildSettings = {
				ALWAYS_SEARCH_USER_PATHS = NO;
				CLANG_CXX_LANGUAGE_STANDARD = "gnu++0x";
				CLANG_CXX_LIBRARY = "libc++";
				CLANG_ENABLE_MODULES = YES;
				CLANG_ENABLE_OBJC_ARC = YES;
				CLANG_WARN_BLOCK_CAPTURE_AUTORELEASING = YES;
				CLANG_WARN_BOOL_CONVERSION = YES;
				CLANG_WARN_COMMA = YES;
				CLANG_WARN_CONSTANT_CONVERSION = YES;
				CLANG_WARN_DEPRECATED_OBJC_IMPLEMENTATIONS = YES;
				CLANG_WARN_DIRECT_OBJC_ISA_USAGE = YES_ERROR;
				CLANG_WARN_EMPTY_BODY = YES;
				CLANG_WARN_ENUM_CONVERSION = YES;
				CLANG_WARN_INFINITE_RECURSION = YES;
				CLANG_WARN_INT_CONVERSION = YES;
				CLANG_WARN_NON_LITERAL_NULL_CONVERSION = YES;
				CLANG_WARN_OBJC_IMPLICIT_RETAIN_SELF = YES;
				CLANG_WARN_OBJC_LITERAL_CONVERSION = YES;
				CLANG_WARN_OBJC_ROOT_CLASS = YES_ERROR;
				CLANG_WARN_RANGE_LOOP_ANALYSIS = YES;
				CLANG_WARN_STRICT_PROTOTYPES = YES;
				CLANG_WARN_SUSPICIOUS_MOVE = YES;
				CLANG_WARN_UNREACHABLE_CODE = YES;
				CLANG_WARN__DUPLICATE_METHOD_MATCH = YES;
				"CODE_SIGN_IDENTITY[sdk=iphoneos*]" = "iPhone Developer";
				COPY_PHASE_STRIP = NO;
				DEBUG_INFORMATION_FORMAT = dwarf;
				ENABLE_STRICT_OBJC_MSGSEND = YES;
				ENABLE_TESTABILITY = YES;
				GCC_C_LANGUAGE_STANDARD = gnu99;
				GCC_DYNAMIC_NO_PIC = NO;
				GCC_NO_COMMON_BLOCKS = YES;
				GCC_OPTIMIZATION_LEVEL = 0;
				GCC_PREPROCESSOR_DEFINITIONS = (
					"DEBUG=1",
					"$(inherited)",
				);
				GCC_WARN_64_TO_32_BIT_CONVERSION = YES;
				GCC_WARN_ABOUT_RETURN_TYPE = YES_ERROR;
				GCC_WARN_UNDECLARED_SELECTOR = YES;
				GCC_WARN_UNINITIALIZED_AUTOS = YES_AGGRESSIVE;
				GCC_WARN_UNUSED_FUNCTION = YES;
				GCC_WARN_UNUSED_VARIABLE = YES;
				HEADER_SEARCH_PATHS = "";
				IPHONEOS_DEPLOYMENT_TARGET = 9.2;
				LIBRARY_SEARCH_PATHS = "";
				MTL_ENABLE_DEBUG_INFO = YES;
				ONLY_ACTIVE_ARCH = YES;
				SDKROOT = iphoneos;
				TARGETED_DEVICE_FAMILY = "1,2";
			};
			name = Debug;
		};
		DE2B9A3C1F7B52C60077BE5F /* Release */ = {
			isa = XCBuildConfiguration;
			buildSettings = {
				ALWAYS_SEARCH_USER_PATHS = NO;
				CLANG_CXX_LANGUAGE_STANDARD = "gnu++0x";
				CLANG_CXX_LIBRARY = "libc++";
				CLANG_ENABLE_MODULES = YES;
				CLANG_ENABLE_OBJC_ARC = YES;
				CLANG_WARN_BLOCK_CAPTURE_AUTORELEASING = YES;
				CLANG_WARN_BOOL_CONVERSION = YES;
				CLANG_WARN_COMMA = YES;
				CLANG_WARN_CONSTANT_CONVERSION = YES;
				CLANG_WARN_DEPRECATED_OBJC_IMPLEMENTATIONS = YES;
				CLANG_WARN_DIRECT_OBJC_ISA_USAGE = YES_ERROR;
				CLANG_WARN_EMPTY_BODY = YES;
				CLANG_WARN_ENUM_CONVERSION = YES;
				CLANG_WARN_INFINITE_RECURSION = YES;
				CLANG_WARN_INT_CONVERSION = YES;
				CLANG_WARN_NON_LITERAL_NULL_CONVERSION = YES;
				CLANG_WARN_OBJC_IMPLICIT_RETAIN_SELF = YES;
				CLANG_WARN_OBJC_LITERAL_CONVERSION = YES;
				CLANG_WARN_OBJC_ROOT_CLASS = YES_ERROR;
				CLANG_WARN_RANGE_LOOP_ANALYSIS = YES;
				CLANG_WARN_STRICT_PROTOTYPES = YES;
				CLANG_WARN_SUSPICIOUS_MOVE = YES;
				CLANG_WARN_UNREACHABLE_CODE = YES;
				CLANG_WARN__DUPLICATE_METHOD_MATCH = YES;
				"CODE_SIGN_IDENTITY[sdk=iphoneos*]" = "iPhone Developer";
				COPY_PHASE_STRIP = NO;
				DEBUG_INFORMATION_FORMAT = "dwarf-with-dsym";
				ENABLE_NS_ASSERTIONS = NO;
				ENABLE_STRICT_OBJC_MSGSEND = YES;
				GCC_C_LANGUAGE_STANDARD = gnu99;
				GCC_NO_COMMON_BLOCKS = YES;
				GCC_WARN_64_TO_32_BIT_CONVERSION = YES;
				GCC_WARN_ABOUT_RETURN_TYPE = YES_ERROR;
				GCC_WARN_UNDECLARED_SELECTOR = YES;
				GCC_WARN_UNINITIALIZED_AUTOS = YES_AGGRESSIVE;
				GCC_WARN_UNUSED_FUNCTION = YES;
				GCC_WARN_UNUSED_VARIABLE = YES;
				HEADER_SEARCH_PATHS = "";
				IPHONEOS_DEPLOYMENT_TARGET = 9.2;
				LIBRARY_SEARCH_PATHS = "";
				MTL_ENABLE_DEBUG_INFO = NO;
				SDKROOT = iphoneos;
				TARGETED_DEVICE_FAMILY = "1,2";
				VALIDATE_PRODUCT = YES;
			};
			name = Release;
		};
		DE2B9A3E1F7B52C60077BE5F /* Debug */ = {
			isa = XCBuildConfiguration;
			buildSettings = {
				ASSETCATALOG_COMPILER_APPICON_NAME = AppIcon;
				CODE_SIGN_ENTITLEMENTS = MobPushDemo/MobPushDemo.entitlements;
				CODE_SIGN_IDENTITY = "iPhone Developer";
				"CODE_SIGN_IDENTITY[sdk=iphoneos*]" = "iPhone Developer";
				CODE_SIGN_STYLE = Manual;
				DEVELOPMENT_TEAM = LW5266U92D;
				ENABLE_BITCODE = NO;
				FRAMEWORK_SEARCH_PATHS = "$(PROJECT_DIR)/../../SDK/**";
				INFOPLIST_FILE = MobPushDemo/Info.plist;
				IPHONEOS_DEPLOYMENT_TARGET = 8.0;
				LD_GENERATE_MAP_FILE = YES;
				LD_RUNPATH_SEARCH_PATHS = "$(inherited) @executable_path/Frameworks";
				PRODUCT_BUNDLE_IDENTIFIER = com.mob.MobPush;
				PRODUCT_NAME = "$(TARGET_NAME)";
				PROVISIONING_PROFILE = "8f5453ab-a204-4262-8284-300ca5f7e0c1";
				PROVISIONING_PROFILE_SPECIFIER = MobPushDev;
			};
			name = Debug;
		};
		DE2B9A3F1F7B52C60077BE5F /* Release */ = {
			isa = XCBuildConfiguration;
			buildSettings = {
				ASSETCATALOG_COMPILER_APPICON_NAME = AppIcon;
				CODE_SIGN_ENTITLEMENTS = MobPushDemo/MobPushDemo.entitlements;
				CODE_SIGN_IDENTITY = "iPhone Distribution";
				"CODE_SIGN_IDENTITY[sdk=iphoneos*]" = "iPhone Distribution";
				CODE_SIGN_STYLE = Manual;
				DEVELOPMENT_TEAM = LW5266U92D;
				ENABLE_BITCODE = NO;
				FRAMEWORK_SEARCH_PATHS = "$(PROJECT_DIR)/../../SDK/**";
				INFOPLIST_FILE = MobPushDemo/Info.plist;
				IPHONEOS_DEPLOYMENT_TARGET = 8.0;
				LD_GENERATE_MAP_FILE = YES;
				LD_RUNPATH_SEARCH_PATHS = "$(inherited) @executable_path/Frameworks";
				PRODUCT_BUNDLE_IDENTIFIER = com.mob.MobPush;
				PRODUCT_NAME = "$(TARGET_NAME)";
				PROVISIONING_PROFILE = "efeb3893-17c6-4c68-ab60-37eb29ed9da0";
				PROVISIONING_PROFILE_SPECIFIER = MobPushInHouse;
			};
			name = Release;
		};
/* End XCBuildConfiguration section */

/* Begin XCConfigurationList section */
		3CD9A224212D15580032AFF6 /* Build configuration list for PBXNativeTarget "MobPushServiceExtension" */ = {
			isa = XCConfigurationList;
			buildConfigurations = (
				3CD9A222212D15580032AFF6 /* Debug */,
				3CD9A223212D15580032AFF6 /* Release */,
			);
			defaultConfigurationIsVisible = 0;
			defaultConfigurationName = Release;
		};
		44543C0420BFACB200B6B45E /* Build configuration list for PBXNativeTarget "MobPushDemoTests" */ = {
			isa = XCConfigurationList;
			buildConfigurations = (
				44543C0220BFACB200B6B45E /* Debug */,
				44543C0320BFACB200B6B45E /* Release */,
			);
			defaultConfigurationIsVisible = 0;
			defaultConfigurationName = Release;
		};
		DE2B9A211F7B52C60077BE5F /* Build configuration list for PBXProject "MobPushDemo" */ = {
			isa = XCConfigurationList;
			buildConfigurations = (
				DE2B9A3B1F7B52C60077BE5F /* Debug */,
				DE2B9A3C1F7B52C60077BE5F /* Release */,
			);
			defaultConfigurationIsVisible = 0;
			defaultConfigurationName = Release;
		};
		DE2B9A3D1F7B52C60077BE5F /* Build configuration list for PBXNativeTarget "MobPushDemo" */ = {
			isa = XCConfigurationList;
			buildConfigurations = (
				DE2B9A3E1F7B52C60077BE5F /* Debug */,
				DE2B9A3F1F7B52C60077BE5F /* Release */,
			);
			defaultConfigurationIsVisible = 0;
			defaultConfigurationName = Release;
		};
/* End XCConfigurationList section */
	};
	rootObject = DE2B9A1E1F7B52C50077BE5F /* Project object */;
}
